// !$*UTF8*$!
{
	archiveVersion = 1;
	classes = {
	};
	objectVersion = 46;
	objects = {

/* Begin PBXBuildFile section */
		490827641C8D293500CC3E0E /* CYXWaterFlowLayout.m in Sources */ = {isa = PBXBuildFile; fileRef = 490827631C8D293500CC3E0E /* CYXWaterFlowLayout.m */; };
		490827681C8D479100CC3E0E /* CYXNormalCell.m in Sources */ = {isa = PBXBuildFile; fileRef = 490827661C8D479100CC3E0E /* CYXNormalCell.m */; };
		490827691C8D479100CC3E0E /* CYXNormalCell.xib in Resources */ = {isa = PBXBuildFile; fileRef = 490827671C8D479100CC3E0E /* CYXNormalCell.xib */; };
		4993B13F1C897D5800EAF9F7 /* main.m in Sources */ = {isa = PBXBuildFile; fileRef = 4993B13E1C897D5800EAF9F7 /* main.m */; };
		4993B1421C897D5800EAF9F7 /* AppDelegate.m in Sources */ = {isa = PBXBuildFile; fileRef = 4993B1411C897D5800EAF9F7 /* AppDelegate.m */; };
		4993B14A1C897D5800EAF9F7 /* Assets.xcassets in Resources */ = {isa = PBXBuildFile; fileRef = 4993B1491C897D5800EAF9F7 /* Assets.xcassets */; };
		4993B14D1C897D5800EAF9F7 /* LaunchScreen.storyboard in Resources */ = {isa = PBXBuildFile; fileRef = 4993B14B1C897D5800EAF9F7 /* LaunchScreen.storyboard */; };
		4993B1581C897D5800EAF9F7 /* CYCollectionViewTestTests.m in Sources */ = {isa = PBXBuildFile; fileRef = 4993B1571C897D5800EAF9F7 /* CYCollectionViewTestTests.m */; };
		4993B1631C897D5800EAF9F7 /* CYCollectionViewTestUITests.m in Sources */ = {isa = PBXBuildFile; fileRef = 4993B1621C897D5800EAF9F7 /* CYCollectionViewTestUITests.m */; };
		4993B1721C897EBA00EAF9F7 /* CYXMainViewController.m in Sources */ = {isa = PBXBuildFile; fileRef = 4993B1711C897EBA00EAF9F7 /* CYXMainViewController.m */; };
		4993B1751C8980C700EAF9F7 /* CYXNormalCollectionViewController.m in Sources */ = {isa = PBXBuildFile; fileRef = 4993B1741C8980C700EAF9F7 /* CYXNormalCollectionViewController.m */; };
		4993B17A1C89888500EAF9F7 /* CYXWaterflowController.m in Sources */ = {isa = PBXBuildFile; fileRef = 4993B1791C89888500EAF9F7 /* CYXWaterflowController.m */; };
		4993B17F1C898A1E00EAF9F7 /* CYXNewfeatureViewController.m in Sources */ = {isa = PBXBuildFile; fileRef = 4993B17E1C898A1E00EAF9F7 /* CYXNewfeatureViewController.m */; };
		4993B1831C89901000EAF9F7 /* CYXNewfeatureCell.m in Sources */ = {isa = PBXBuildFile; fileRef = 4993B1811C89901000EAF9F7 /* CYXNewfeatureCell.m */; };
		4993B1841C89901000EAF9F7 /* CYXNewfeatureCell.xib in Resources */ = {isa = PBXBuildFile; fileRef = 4993B1821C89901000EAF9F7 /* CYXNewfeatureCell.xib */; };
		8F9F28251C8B4E6000A6BA83 /* CYXLayoutViewController.m in Sources */ = {isa = PBXBuildFile; fileRef = 8F9F28241C8B4E6000A6BA83 /* CYXLayoutViewController.m */; };
/* End PBXBuildFile section */

/* Begin PBXContainerItemProxy section */
		4993B1541C897D5800EAF9F7 /* PBXContainerItemProxy */ = {
			isa = PBXContainerItemProxy;
			containerPortal = 4993B1321C897D5800EAF9F7 /* Project object */;
			proxyType = 1;
			remoteGlobalIDString = 4993B1391C897D5800EAF9F7;
			remoteInfo = CYCollectionViewTest;
		};
		4993B15F1C897D5800EAF9F7 /* PBXContainerItemProxy */ = {
			isa = PBXContainerItemProxy;
			containerPortal = 4993B1321C897D5800EAF9F7 /* Project object */;
			proxyType = 1;
			remoteGlobalIDString = 4993B1391C897D5800EAF9F7;
			remoteInfo = CYCollectionViewTest;
		};
/* End PBXContainerItemProxy section */

/* Begin PBXFileReference section */
		490827621C8D293500CC3E0E /* CYXWaterFlowLayout.h */ = {isa = PBXFileReference; fileEncoding = 4; lastKnownFileType = sourcecode.c.h; path = CYXWaterFlowLayout.h; sourceTree = "<group>"; };
		490827631C8D293500CC3E0E /* CYXWaterFlowLayout.m */ = {isa = PBXFileReference; fileEncoding = 4; lastKnownFileType = sourcecode.c.objc; path = CYXWaterFlowLayout.m; sourceTree = "<group>"; };
		490827651C8D479100CC3E0E /* CYXNormalCell.h */ = {isa = PBXFileReference; fileEncoding = 4; lastKnownFileType = sourcecode.c.h; path = CYXNormalCell.h; sourceTree = "<group>"; };
		490827661C8D479100CC3E0E /* CYXNormalCell.m */ = {isa = PBXFileReference; fileEncoding = 4; lastKnownFileType = sourcecode.c.objc; path = CYXNormalCell.m; sourceTree = "<group>"; };
		490827671C8D479100CC3E0E /* CYXNormalCell.xib */ = {isa = PBXFileReference; fileEncoding = 4; lastKnownFileType = file.xib; path = CYXNormalCell.xib; sourceTree = "<group>"; };
		4993B13A1C897D5800EAF9F7 /* CYCollectionViewTest.app */ = {isa = PBXFileReference; explicitFileType = wrapper.application; includeInIndex = 0; path = CYCollectionViewTest.app; sourceTree = BUILT_PRODUCTS_DIR; };
		4993B13E1C897D5800EAF9F7 /* main.m */ = {isa = PBXFileReference; lastKnownFileType = sourcecode.c.objc; path = main.m; sourceTree = "<group>"; };
		4993B1401C897D5800EAF9F7 /* AppDelegate.h */ = {isa = PBXFileReference; lastKnownFileType = sourcecode.c.h; path = AppDelegate.h; sourceTree = "<group>"; };
		4993B1411C897D5800EAF9F7 /* AppDelegate.m */ = {isa = PBXFileReference; lastKnownFileType = sourcecode.c.objc; path = AppDelegate.m; sourceTree = "<group>"; };
		4993B1491C897D5800EAF9F7 /* Assets.xcassets */ = {isa = PBXFileReference; lastKnownFileType = folder.assetcatalog; path = Assets.xcassets; sourceTree = "<group>"; };
		4993B14C1C897D5800EAF9F7 /* Base */ = {isa = PBXFileReference; lastKnownFileType = file.storyboard; name = Base; path = Base.lproj/LaunchScreen.storyboard; sourceTree = "<group>"; };
		4993B14E1C897D5800EAF9F7 /* Info.plist */ = {isa = PBXFileReference; lastKnownFileType = text.plist.xml; path = Info.plist; sourceTree = "<group>"; };
		4993B1531C897D5800EAF9F7 /* CYCollectionViewTestTests.xctest */ = {isa = PBXFileReference; explicitFileType = wrapper.cfbundle; includeInIndex = 0; path = CYCollectionViewTestTests.xctest; sourceTree = BUILT_PRODUCTS_DIR; };
		4993B1571C897D5800EAF9F7 /* CYCollectionViewTestTests.m */ = {isa = PBXFileReference; lastKnownFileType = sourcecode.c.objc; path = CYCollectionViewTestTests.m; sourceTree = "<group>"; };
		4993B1591C897D5800EAF9F7 /* Info.plist */ = {isa = PBXFileReference; lastKnownFileType = text.plist.xml; path = Info.plist; sourceTree = "<group>"; };
		4993B15E1C897D5800EAF9F7 /* CYCollectionViewTestUITests.xctest */ = {isa = PBXFileReference; explicitFileType = wrapper.cfbundle; includeInIndex = 0; path = CYCollectionViewTestUITests.xctest; sourceTree = BUILT_PRODUCTS_DIR; };
		4993B1621C897D5800EAF9F7 /* CYCollectionViewTestUITests.m */ = {isa = PBXFileReference; lastKnownFileType = sourcecode.c.objc; path = CYCollectionViewTestUITests.m; sourceTree = "<group>"; };
		4993B1641C897D5800EAF9F7 /* Info.plist */ = {isa = PBXFileReference; lastKnownFileType = text.plist.xml; path = Info.plist; sourceTree = "<group>"; };
		4993B1701C897EBA00EAF9F7 /* CYXMainViewController.h */ = {isa = PBXFileReference; fileEncoding = 4; lastKnownFileType = sourcecode.c.h; path = CYXMainViewController.h; sourceTree = "<group>"; };
		4993B1711C897EBA00EAF9F7 /* CYXMainViewController.m */ = {isa = PBXFileReference; fileEncoding = 4; lastKnownFileType = sourcecode.c.objc; path = CYXMainViewController.m; sourceTree = "<group>"; };
		4993B1731C8980C700EAF9F7 /* CYXNormalCollectionViewController.h */ = {isa = PBXFileReference; fileEncoding = 4; lastKnownFileType = sourcecode.c.h; path = CYXNormalCollectionViewController.h; sourceTree = "<group>"; };
		4993B1741C8980C700EAF9F7 /* CYXNormalCollectionViewController.m */ = {isa = PBXFileReference; fileEncoding = 4; lastKnownFileType = sourcecode.c.objc; path = CYXNormalCollectionViewController.m; sourceTree = "<group>"; };
		4993B1781C89888500EAF9F7 /* CYXWaterflowController.h */ = {isa = PBXFileReference; fileEncoding = 4; lastKnownFileType = sourcecode.c.h; path = CYXWaterflowController.h; sourceTree = "<group>"; };
		4993B1791C89888500EAF9F7 /* CYXWaterflowController.m */ = {isa = PBXFileReference; fileEncoding = 4; lastKnownFileType = sourcecode.c.objc; path = CYXWaterflowController.m; sourceTree = "<group>"; };
		4993B17D1C898A1E00EAF9F7 /* CYXNewfeatureViewController.h */ = {isa = PBXFileReference; fileEncoding = 4; lastKnownFileType = sourcecode.c.h; path = CYXNewfeatureViewController.h; sourceTree = "<group>"; };
		4993B17E1C898A1E00EAF9F7 /* CYXNewfeatureViewController.m */ = {isa = PBXFileReference; fileEncoding = 4; lastKnownFileType = sourcecode.c.objc; path = CYXNewfeatureViewController.m; sourceTree = "<group>"; };
		4993B1801C89901000EAF9F7 /* CYXNewfeatureCell.h */ = {isa = PBXFileReference; fileEncoding = 4; lastKnownFileType = sourcecode.c.h; path = CYXNewfeatureCell.h; sourceTree = "<group>"; };
		4993B1811C89901000EAF9F7 /* CYXNewfeatureCell.m */ = {isa = PBXFileReference; fileEncoding = 4; lastKnownFileType = sourcecode.c.objc; path = CYXNewfeatureCell.m; sourceTree = "<group>"; };
		4993B1821C89901000EAF9F7 /* CYXNewfeatureCell.xib */ = {isa = PBXFileReference; fileEncoding = 4; lastKnownFileType = file.xib; path = CYXNewfeatureCell.xib; sourceTree = "<group>"; };
		8F9F28231C8B4E6000A6BA83 /* CYXLayoutViewController.h */ = {isa = PBXFileReference; fileEncoding = 4; lastKnownFileType = sourcecode.c.h; path = CYXLayoutViewController.h; sourceTree = "<group>"; };
		8F9F28241C8B4E6000A6BA83 /* CYXLayoutViewController.m */ = {isa = PBXFileReference; fileEncoding = 4; lastKnownFileType = sourcecode.c.objc; path = CYXLayoutViewController.m; sourceTree = "<group>"; };
/* End PBXFileReference section */

/* Begin PBXFrameworksBuildPhase section */
		4993B1371C897D5800EAF9F7 /* Frameworks */ = {
			isa = PBXFrameworksBuildPhase;
			buildActionMask = 2147483647;
			files = (
			);
			runOnlyForDeploymentPostprocessing = 0;
		};
		4993B1501C897D5800EAF9F7 /* Frameworks */ = {
			isa = PBXFrameworksBuildPhase;
			buildActionMask = 2147483647;
			files = (
			);
			runOnlyForDeploymentPostprocessing = 0;
		};
		4993B15B1C897D5800EAF9F7 /* Frameworks */ = {
			isa = PBXFrameworksBuildPhase;
			buildActionMask = 2147483647;
			files = (
			);
			runOnlyForDeploymentPostprocessing = 0;
		};
/* End PBXFrameworksBuildPhase section */

/* Begin PBXGroup section */
		4993B1311C897D5800EAF9F7 = {
			isa = PBXGroup;
			children = (
				4993B13C1C897D5800EAF9F7 /* CYCollectionViewTest */,
				4993B1561C897D5800EAF9F7 /* CYCollectionViewTestTests */,
				4993B1611C897D5800EAF9F7 /* CYCollectionViewTestUITests */,
				4993B13B1C897D5800EAF9F7 /* Products */,
			);
			sourceTree = "<group>";
		};
		4993B13B1C897D5800EAF9F7 /* Products */ = {
			isa = PBXGroup;
			children = (
				4993B13A1C897D5800EAF9F7 /* CYCollectionViewTest.app */,
				4993B1531C897D5800EAF9F7 /* CYCollectionViewTestTests.xctest */,
				4993B15E1C897D5800EAF9F7 /* CYCollectionViewTestUITests.xctest */,
			);
			name = Products;
			sourceTree = "<group>";
		};
		4993B13C1C897D5800EAF9F7 /* CYCollectionViewTest */ = {
			isa = PBXGroup;
			children = (
				4993B1771C89882500EAF9F7 /* 流水布局普通使用 */,
				4993B17B1C89895B00EAF9F7 /* 新手引导页制作 */,
				4993B1761C89880D00EAF9F7 /* 瀑布流布局 */,
				4993B17C1C89897300EAF9F7 /* 自定义布局 */,
				4993B1401C897D5800EAF9F7 /* AppDelegate.h */,
				4993B1411C897D5800EAF9F7 /* AppDelegate.m */,
				4993B1701C897EBA00EAF9F7 /* CYXMainViewController.h */,
				4993B1711C897EBA00EAF9F7 /* CYXMainViewController.m */,
				4993B1491C897D5800EAF9F7 /* Assets.xcassets */,
				4993B14B1C897D5800EAF9F7 /* LaunchScreen.storyboard */,
				4993B14E1C897D5800EAF9F7 /* Info.plist */,
				4993B13D1C897D5800EAF9F7 /* Supporting Files */,
			);
			path = CYCollectionViewTest;
			sourceTree = "<group>";
		};
		4993B13D1C897D5800EAF9F7 /* Supporting Files */ = {
			isa = PBXGroup;
			children = (
				4993B13E1C897D5800EAF9F7 /* main.m */,
			);
			name = "Supporting Files";
			sourceTree = "<group>";
		};
		4993B1561C897D5800EAF9F7 /* CYCollectionViewTestTests */ = {
			isa = PBXGroup;
			children = (
				4993B1571C897D5800EAF9F7 /* CYCollectionViewTestTests.m */,
				4993B1591C897D5800EAF9F7 /* Info.plist */,
			);
			path = CYCollectionViewTestTests;
			sourceTree = "<group>";
		};
		4993B1611C897D5800EAF9F7 /* CYCollectionViewTestUITests */ = {
			isa = PBXGroup;
			children = (
				4993B1621C897D5800EAF9F7 /* CYCollectionViewTestUITests.m */,
				4993B1641C897D5800EAF9F7 /* Info.plist */,
			);
			path = CYCollectionViewTestUITests;
			sourceTree = "<group>";
		};
		4993B1761C89880D00EAF9F7 /* 瀑布流布局 */ = {
			isa = PBXGroup;
			children = (
				4993B1781C89888500EAF9F7 /* CYXWaterflowController.h */,
				4993B1791C89888500EAF9F7 /* CYXWaterflowController.m */,
				490827621C8D293500CC3E0E /* CYXWaterFlowLayout.h */,
				490827631C8D293500CC3E0E /* CYXWaterFlowLayout.m */,
			);
			name = "瀑布流布局";
			sourceTree = "<group>";
		};
		4993B1771C89882500EAF9F7 /* 流水布局普通使用 */ = {
			isa = PBXGroup;
			children = (
				4993B1731C8980C700EAF9F7 /* CYXNormalCollectionViewController.h */,
				4993B1741C8980C700EAF9F7 /* CYXNormalCollectionViewController.m */,
				490827651C8D479100CC3E0E /* CYXNormalCell.h */,
				490827661C8D479100CC3E0E /* CYXNormalCell.m */,
				490827671C8D479100CC3E0E /* CYXNormalCell.xib */,
			);
			name = "流水布局普通使用";
			sourceTree = "<group>";
		};
		4993B17B1C89895B00EAF9F7 /* 新手引导页制作 */ = {
			isa = PBXGroup;
			children = (
				4993B17D1C898A1E00EAF9F7 /* CYXNewfeatureViewController.h */,
				4993B17E1C898A1E00EAF9F7 /* CYXNewfeatureViewController.m */,
				4993B1801C89901000EAF9F7 /* CYXNewfeatureCell.h */,
				4993B1811C89901000EAF9F7 /* CYXNewfeatureCell.m */,
				4993B1821C89901000EAF9F7 /* CYXNewfeatureCell.xib */,
			);
			name = "新手引导页制作";
			sourceTree = "<group>";
		};
		4993B17C1C89897300EAF9F7 /* 自定义布局 */ = {
			isa = PBXGroup;
			children = (
				8F9F28231C8B4E6000A6BA83 /* CYXLayoutViewController.h */,
				8F9F28241C8B4E6000A6BA83 /* CYXLayoutViewController.m */,
			);
			name = "自定义布局";
			sourceTree = "<group>";
		};
/* End PBXGroup section */

/* Begin PBXNativeTarget section */
		4993B1391C897D5800EAF9F7 /* CYCollectionViewTest */ = {
			isa = PBXNativeTarget;
			buildConfigurationList = 4993B1671C897D5900EAF9F7 /* Build configuration list for PBXNativeTarget "CYCollectionViewTest" */;
			buildPhases = (
				4993B1361C897D5800EAF9F7 /* Sources */,
				4993B1371C897D5800EAF9F7 /* Frameworks */,
				4993B1381C897D5800EAF9F7 /* Resources */,
			);
			buildRules = (
			);
			dependencies = (
			);
			name = CYCollectionViewTest;
			productName = CYCollectionViewTest;
			productReference = 4993B13A1C897D5800EAF9F7 /* CYCollectionViewTest.app */;
			productType = "com.apple.product-type.application";
		};
		4993B1521C897D5800EAF9F7 /* CYCollectionViewTestTests */ = {
			isa = PBXNativeTarget;
			buildConfigurationList = 4993B16A1C897D5900EAF9F7 /* Build configuration list for PBXNativeTarget "CYCollectionViewTestTests" */;
			buildPhases = (
				4993B14F1C897D5800EAF9F7 /* Sources */,
				4993B1501C897D5800EAF9F7 /* Frameworks */,
				4993B1511C897D5800EAF9F7 /* Resources */,
			);
			buildRules = (
			);
			dependencies = (
				4993B1551C897D5800EAF9F7 /* PBXTargetDependency */,
			);
			name = CYCollectionViewTestTests;
			productName = CYCollectionViewTestTests;
			productReference = 4993B1531C897D5800EAF9F7 /* CYCollectionViewTestTests.xctest */;
			productType = "com.apple.product-type.bundle.unit-test";
		};
		4993B15D1C897D5800EAF9F7 /* CYCollectionViewTestUITests */ = {
			isa = PBXNativeTarget;
			buildConfigurationList = 4993B16D1C897D5900EAF9F7 /* Build configuration list for PBXNativeTarget "CYCollectionViewTestUITests" */;
			buildPhases = (
				4993B15A1C897D5800EAF9F7 /* Sources */,
				4993B15B1C897D5800EAF9F7 /* Frameworks */,
				4993B15C1C897D5800EAF9F7 /* Resources */,
			);
			buildRules = (
			);
			dependencies = (
				4993B1601C897D5800EAF9F7 /* PBXTargetDependency */,
			);
			name = CYCollectionViewTestUITests;
			productName = CYCollectionViewTestUITests;
			productReference = 4993B15E1C897D5800EAF9F7 /* CYCollectionViewTestUITests.xctest */;
			productType = "com.apple.product-type.bundle.ui-testing";
		};
/* End PBXNativeTarget section */

/* Begin PBXProject section */
		4993B1321C897D5800EAF9F7 /* Project object */ = {
			isa = PBXProject;
			attributes = {
				LastUpgradeCheck = 0710;
				ORGANIZATIONNAME = cyx;
				TargetAttributes = {
					4993B1391C897D5800EAF9F7 = {
						CreatedOnToolsVersion = 7.1;
						DevelopmentTeam = 3T72HFU8Y8;
					};
					4993B1521C897D5800EAF9F7 = {
						CreatedOnToolsVersion = 7.1;
						DevelopmentTeam = 3T72HFU8Y8;
						TestTargetID = 4993B1391C897D5800EAF9F7;
					};
					4993B15D1C897D5800EAF9F7 = {
						CreatedOnToolsVersion = 7.1;
						DevelopmentTeam = 3T72HFU8Y8;
						TestTargetID = 4993B1391C897D5800EAF9F7;
					};
				};
			};
			buildConfigurationList = 4993B1351C897D5800EAF9F7 /* Build configuration list for PBXProject "CYCollectionViewTest" */;
			compatibilityVersion = "Xcode 3.2";
			developmentRegion = English;
			hasScannedForEncodings = 0;
			knownRegions = (
				en,
				Base,
			);
			mainGroup = 4993B1311C897D5800EAF9F7;
			productRefGroup = 4993B13B1C897D5800EAF9F7 /* Products */;
			projectDirPath = "";
			projectRoot = "";
			targets = (
				4993B1391C897D5800EAF9F7 /* CYCollectionViewTest */,
				4993B1521C897D5800EAF9F7 /* CYCollectionViewTestTests */,
				4993B15D1C897D5800EAF9F7 /* CYCollectionViewTestUITests */,
			);
		};
/* End PBXProject section */

/* Begin PBXResourcesBuildPhase section */
		4993B1381C897D5800EAF9F7 /* Resources */ = {
			isa = PBXResourcesBuildPhase;
			buildActionMask = 2147483647;
			files = (
				4993B14D1C897D5800EAF9F7 /* LaunchScreen.storyboard in Resources */,
				4993B14A1C897D5800EAF9F7 /* Assets.xcassets in Resources */,
				4993B1841C89901000EAF9F7 /* CYXNewfeatureCell.xib in Resources */,
				490827691C8D479100CC3E0E /* CYXNormalCell.xib in Resources */,
			);
			runOnlyForDeploymentPostprocessing = 0;
		};
		4993B1511C897D5800EAF9F7 /* Resources */ = {
			isa = PBXResourcesBuildPhase;
			buildActionMask = 2147483647;
			files = (
			);
			runOnlyForDeploymentPostprocessing = 0;
		};
		4993B15C1C897D5800EAF9F7 /* Resources */ = {
			isa = PBXResourcesBuildPhase;
			buildActionMask = 2147483647;
			files = (
			);
			runOnlyForDeploymentPostprocessing = 0;
		};
/* End PBXResourcesBuildPhase section */

/* Begin PBXSourcesBuildPhase section */
		4993B1361C897D5800EAF9F7 /* Sources */ = {
			isa = PBXSourcesBuildPhase;
			buildActionMask = 2147483647;
			files = (
				4993B17A1C89888500EAF9F7 /* CYXWaterflowController.m in Sources */,
				4993B1831C89901000EAF9F7 /* CYXNewfeatureCell.m in Sources */,
				4993B17F1C898A1E00EAF9F7 /* CYXNewfeatureViewController.m in Sources */,
				490827641C8D293500CC3E0E /* CYXWaterFlowLayout.m in Sources */,
				4993B1421C897D5800EAF9F7 /* AppDelegate.m in Sources */,
				4993B1721C897EBA00EAF9F7 /* CYXMainViewController.m in Sources */,
				8F9F28251C8B4E6000A6BA83 /* CYXLayoutViewController.m in Sources */,
				490827681C8D479100CC3E0E /* CYXNormalCell.m in Sources */,
				4993B13F1C897D5800EAF9F7 /* main.m in Sources */,
				4993B1751C8980C700EAF9F7 /* CYXNormalCollectionViewController.m in Sources */,
			);
			runOnlyForDeploymentPostprocessing = 0;
		};
		4993B14F1C897D5800EAF9F7 /* Sources */ = {
			isa = PBXSourcesBuildPhase;
			buildActionMask = 2147483647;
			files = (
				4993B1581C897D5800EAF9F7 /* CYCollectionViewTestTests.m in Sources */,
			);
			runOnlyForDeploymentPostprocessing = 0;
		};
		4993B15A1C897D5800EAF9F7 /* Sources */ = {
			isa = PBXSourcesBuildPhase;
			buildActionMask = 2147483647;
			files = (
				4993B1631C897D5800EAF9F7 /* CYCollectionViewTestUITests.m in Sources */,
			);
			runOnlyForDeploymentPostprocessing = 0;
		};
/* End PBXSourcesBuildPhase section */

/* Begin PBXTargetDependency section */
		4993B1551C897D5800EAF9F7 /* PBXTargetDependency */ = {
			isa = PBXTargetDependency;
			target = 4993B1391C897D5800EAF9F7 /* CYCollectionViewTest */;
			targetProxy = 4993B1541C897D5800EAF9F7 /* PBXContainerItemProxy */;
		};
		4993B1601C897D5800EAF9F7 /* PBXTargetDependency */ = {
			isa = PBXTargetDependency;
			target = 4993B1391C897D5800EAF9F7 /* CYCollectionViewTest */;
			targetProxy = 4993B15F1C897D5800EAF9F7 /* PBXContainerItemProxy */;
		};
/* End PBXTargetDependency section */

/* Begin PBXVariantGroup section */
		4993B14B1C897D5800EAF9F7 /* LaunchScreen.storyboard */ = {
			isa = PBXVariantGroup;
			children = (
				4993B14C1C897D5800EAF9F7 /* Base */,
			);
			name = LaunchScreen.storyboard;
			sourceTree = "<group>";
		};
/* End PBXVariantGroup section */

/* Begin XCBuildConfiguration section */
		4993B1651C897D5900EAF9F7 /* Debug */ = {
			isa = XCBuildConfiguration;
			buildSettings = {
				ALWAYS_SEARCH_USER_PATHS = NO;
				CLANG_CXX_LANGUAGE_STANDARD = "gnu++0x";
				CLANG_CXX_LIBRARY = "libc++";
				CLANG_ENABLE_MODULES = YES;
				CLANG_ENABLE_OBJC_ARC = YES;
				CLANG_WARN_BOOL_CONVERSION = YES;
				CLANG_WARN_CONSTANT_CONVERSION = YES;
				CLANG_WARN_DIRECT_OBJC_ISA_USAGE = YES_ERROR;
				CLANG_WARN_EMPTY_BODY = YES;
				CLANG_WARN_ENUM_CONVERSION = YES;
				CLANG_WARN_INT_CONVERSION = YES;
				CLANG_WARN_OBJC_ROOT_CLASS = YES_ERROR;
				CLANG_WARN_UNREACHABLE_CODE = YES;
				CLANG_WARN__DUPLICATE_METHOD_MATCH = YES;
				"CODE_SIGN_IDENTITY[sdk=iphoneos*]" = "iPhone Developer";
				COPY_PHASE_STRIP = NO;
				DEBUG_INFORMATION_FORMAT = dwarf;
				ENABLE_STRICT_OBJC_MSGSEND = YES;
				ENABLE_TESTABILITY = YES;
				GCC_C_LANGUAGE_STANDARD = gnu99;
				GCC_DYNAMIC_NO_PIC = NO;
				GCC_NO_COMMON_BLOCKS = YES;
				GCC_OPTIMIZATION_LEVEL = 0;
				GCC_PREPROCESSOR_DEFINITIONS = (
					"DEBUG=1",
					"$(inherited)",
				);
				GCC_WARN_64_TO_32_BIT_CONVERSION = YES;
				GCC_WARN_ABOUT_RETURN_TYPE = YES_ERROR;
				GCC_WARN_UNDECLARED_SELECTOR = YES;
				GCC_WARN_UNINITIALIZED_AUTOS = YES_AGGRESSIVE;
				GCC_WARN_UNUSED_FUNCTION = YES;
				GCC_WARN_UNUSED_VARIABLE = YES;
				IPHONEOS_DEPLOYMENT_TARGET = 9.1;
				MTL_ENABLE_DEBUG_INFO = YES;
				ONLY_ACTIVE_ARCH = YES;
				SDKROOT = iphoneos;
			};
			name = Debug;
		};
		4993B1661C897D5900EAF9F7 /* Release */ = {
			isa = XCBuildConfiguration;
			buildSettings = {
				ALWAYS_SEARCH_USER_PATHS = NO;
				CLANG_CXX_LANGUAGE_STANDARD = "gnu++0x";
				CLANG_CXX_LIBRARY = "libc++";
				CLANG_ENABLE_MODULES = YES;
				CLANG_ENABLE_OBJC_ARC = YES;
				CLANG_WARN_BOOL_CONVERSION = YES;
				CLANG_WARN_CONSTANT_CONVERSION = YES;
				CLANG_WARN_DIRECT_OBJC_ISA_USAGE = YES_ERROR;
				CLANG_WARN_EMPTY_BODY = YES;
				CLANG_WARN_ENUM_CONVERSION = YES;
				CLANG_WARN_INT_CONVERSION = YES;
				CLANG_WARN_OBJC_ROOT_CLASS = YES_ERROR;
				CLANG_WARN_UNREACHABLE_CODE = YES;
				CLANG_WARN__DUPLICATE_METHOD_MATCH = YES;
				"CODE_SIGN_IDENTITY[sdk=iphoneos*]" = "iPhone Developer";
				COPY_PHASE_STRIP = NO;
				DEBUG_INFORMATION_FORMAT = "dwarf-with-dsym";
				ENABLE_NS_ASSERTIONS = NO;
				ENABLE_STRICT_OBJC_MSGSEND = YES;
				GCC_C_LANGUAGE_STANDARD = gnu99;
				GCC_NO_COMMON_BLOCKS = YES;
				GCC_WARN_64_TO_32_BIT_CONVERSION = YES;
				GCC_WARN_ABOUT_RETURN_TYPE = YES_ERROR;
				GCC_WARN_UNDECLARED_SELECTOR = YES;
				GCC_WARN_UNINITIALIZED_AUTOS = YES_AGGRESSIVE;
				GCC_WARN_UNUSED_FUNCTION = YES;
				GCC_WARN_UNUSED_VARIABLE = YES;
				IPHONEOS_DEPLOYMENT_TARGET = 9.1;
				MTL_ENABLE_DEBUG_INFO = NO;
				SDKROOT = iphoneos;
				VALIDATE_PRODUCT = YES;
			};
			name = Release;
		};
		4993B1681C897D5900EAF9F7 /* Debug */ = {
			isa = XCBuildConfiguration;
			buildSettings = {
				ASSETCATALOG_COMPILER_APPICON_NAME = AppIcon;
				INFOPLIST_FILE = CYCollectionViewTest/Info.plist;
				LD_RUNPATH_SEARCH_PATHS = "$(inherited) @executable_path/Frameworks";
				PRODUCT_BUNDLE_IDENTIFIER = com.feni.h.CYCollectionViewTest;
				PRODUCT_NAME = "$(TARGET_NAME)";
			};
			name = Debug;
		};
		4993B1691C897D5900EAF9F7 /* Release */ = {
			isa = XCBuildConfiguration;
			buildSettings = {
				ASSETCATALOG_COMPILER_APPICON_NAME = AppIcon;
				INFOPLIST_FILE = CYCollectionViewTest/Info.plist;
				LD_RUNPATH_SEARCH_PATHS = "$(inherited) @executable_path/Frameworks";
				PRODUCT_BUNDLE_IDENTIFIER = com.feni.h.CYCollectionViewTest;
				PRODUCT_NAME = "$(TARGET_NAME)";
			};
			name = Release;
		};
		4993B16B1C897D5900EAF9F7 /* Debug */ = {
			isa = XCBuildConfiguration;
			buildSettings = {
				BUNDLE_LOADER = "$(TEST_HOST)";
				INFOPLIST_FILE = CYCollectionViewTestTests/Info.plist;
				LD_RUNPATH_SEARCH_PATHS = "$(inherited) @executable_path/Frameworks @loader_path/Frameworks";
				PRODUCT_BUNDLE_IDENTIFIER = com.feni.h.CYCollectionViewTestTests;
				PRODUCT_NAME = "$(TARGET_NAME)";
				TEST_HOST = "$(BUILT_PRODUCTS_DIR)/CYCollectionViewTest.app/CYCollectionViewTest";
			};
			name = Debug;
		};
		4993B16C1C897D5900EAF9F7 /* Release */ = {
			isa = XCBuildConfiguration;
			buildSettings = {
				BUNDLE_LOADER = "$(TEST_HOST)";
				INFOPLIST_FILE = CYCollectionViewTestTests/Info.plist;
				LD_RUNPATH_SEARCH_PATHS = "$(inherited) @executable_path/Frameworks @loader_path/Frameworks";
				PRODUCT_BUNDLE_IDENTIFIER = com.feni.h.CYCollectionViewTestTests;
				PRODUCT_NAME = "$(TARGET_NAME)";
				TEST_HOST = "$(BUILT_PRODUCTS_DIR)/CYCollectionViewTest.app/CYCollectionViewTest";
			};
			name = Release;
		};
		4993B16E1C897D5900EAF9F7 /* Debug */ = {
			isa = XCBuildConfiguration;
			buildSettings = {
				INFOPLIST_FILE = CYCollectionViewTestUITests/Info.plist;
				LD_RUNPATH_SEARCH_PATHS = "$(inherited) @executable_path/Frameworks @loader_path/Frameworks";
				PRODUCT_BUNDLE_IDENTIFIER = com.feni.h.CYCollectionViewTestUITests;
				PRODUCT_NAME = "$(TARGET_NAME)";
				TEST_TARGET_NAME = CYCollectionViewTest;
				USES_XCTRUNNER = YES;
			};
			name = Debug;
		};
		4993B16F1C897D5900EAF9F7 /* Release */ = {
			isa = XCBuildConfiguration;
			buildSettings = {
				INFOPLIST_FILE = CYCollectionViewTestUITests/Info.plist;
				LD_RUNPATH_SEARCH_PATHS = "$(inherited) @executable_path/Frameworks @loader_path/Frameworks";
				PRODUCT_BUNDLE_IDENTIFIER = com.feni.h.CYCollectionViewTestUITests;
				PRODUCT_NAME = "$(TARGET_NAME)";
				TEST_TARGET_NAME = CYCollectionViewTest;
				USES_XCTRUNNER = YES;
			};
			name = Release;
		};
/* End XCBuildConfiguration section */

/* Begin XCConfigurationList section */
		4993B1351C897D5800EAF9F7 /* Build configuration list for PBXProject "CYCollectionViewTest" */ = {
			isa = XCConfigurationList;
			buildConfigurations = (
				4993B1651C897D5900EAF9F7 /* Debug */,
				4993B1661C897D5900EAF9F7 /* Release */,
			);
			defaultConfigurationIsVisible = 0;
			defaultConfigurationName = Release;
		};
		4993B1671C897D5900EAF9F7 /* Build configuration list for PBXNativeTarget "CYCollectionViewTest" */ = {
			isa = XCConfigurationList;
			buildConfigurations = (
				4993B1681C897D5900EAF9F7 /* Debug */,
				4993B1691C897D5900EAF9F7 /* Release */,
			);
			defaultConfigurationIsVisible = 0;
			defaultConfigurationName = Release;
		};
		4993B16A1C897D5900EAF9F7 /* Build configuration list for PBXNativeTarget "CYCollectionViewTestTests" */ = {
			isa = XCConfigurationList;
			buildConfigurations = (
				4993B16B1C897D5900EAF9F7 /* Debug */,
				4993B16C1C897D5900EAF9F7 /* Release */,
			);
			defaultConfigurationIsVisible = 0;
			defaultConfigurationName = Release;
		};
		4993B16D1C897D5900EAF9F7 /* Build configuration list for PBXNativeTarget "CYCollectionViewTestUITests" */ = {
			isa = XCConfigurationList;
			buildConfigurations = (
				4993B16E1C897D5900EAF9F7 /* Debug */,
				4993B16F1C897D5900EAF9F7 /* Release */,
			);
			defaultConfigurationIsVisible = 0;
			defaultConfigurationName = Release;
		};
/* End XCConfigurationList section */
	};
	rootObject = 4993B1321C897D5800EAF9F7 /* Project object */;
}
